# @generated by Move, please check-in and do not edit manually.

[move]
version = 3
manifest_digest = "D5F9BEFF8F168326251E8BBCCDAFC531B986762974AAFD3EA55C39B57D5C7F36"
deps_digest = "F8BBB0CCB2491CA29A3DF03D6F92277A4F3574266507ACD77214D37ECA3F3082"
dependencies = [
  { id = "Sui", name = "Sui" },
]

[[move.package]]
id = "MoveStdlib"
source = { git = "https://github.com/MystenLabs/sui.git", rev = "framework/testnet", subdir = "crates/sui-framework/packages/move-stdlib" }

[[move.package]]
id = "Sui"
source = { git = "https://github.com/MystenLabs/sui.git", rev = "framework/testnet", subdir = "crates/sui-framework/packages/sui-framework" }

dependencies = [
  { id = "MoveStdlib", name = "MoveStdlib" },
]

[move.toolchain-version]
compiler-version = "1.58.2"
edition = "2024.beta"
flavor = "sui"

[env]

[env.localnet]
chain-id = "4c93b7f0"
original-published-id = "0x9f1e3a11f735cf9b075c62b53e717f9aaaa6f2ee0a0f6e3b8ea72113038b4adf"
latest-published-id = "0x9f1e3a11f735cf9b075c62b53e717f9aaaa6f2ee0a0f6e3b8ea72113038b4adf"
published-version = "1"
